Microsoft Visual Studio Solution File, Format Version 12.00
# Visual Studio Version 17
VisualStudioVersion = 17.5.2.0
MinimumVisualStudioVersion = 10.0.40219.1
Project("{FAE04EC0-301F-11D3-BF4B-00C04F79EFBC}") = "VillaAPI", "VillaAPI.csproj", "{15124386-0020-8B15-8F8C-008CC7B1BDA4}"
EndProject
Global
	GlobalSection(SolutionConfigurationPlatforms) = preSolution
		Debug|Any CPU = Debug|Any CPU
		Release|Any CPU = Release|Any CPU
	EndGlobalSection
	GlobalSection(ProjectConfigurationPlatforms) = postSolution
		{15124386-0020-8B15-8F8C-008CC7B1BDA4}.Debug|Any CPU.ActiveCfg = Debug|Any CPU
		{15124386-0020-8B15-8F8C-008CC7B1BDA4}.Debug|Any CPU.Build.0 = Debug|Any CPU
		{15124386-0020-8B15-8F8C-008CC7B1BDA4}.Release|Any CPU.ActiveCfg = Release|Any CPU
		{15124386-0020-8B15-8F8C-008CC7B1BDA4}.Release|Any CPU.Build.0 = Release|Any CPU
	EndGlobalSection
	GlobalSection(SolutionProperties) = preSolution
		HideSolutionNode = FALSE
	EndGlobalSection
	GlobalSection(ExtensibilityGlobals) = postSolution
		SolutionGuid = {54131EB7-34E1-43BC-9CB3-2E63DA69D103}
	EndGlobalSection
EndGlobal
